
Microsoft Visual Studio Solution File, Format Version 12.00
# Visual Studio 15
VisualStudioVersion = 15.0.28010.2048
MinimumVisualStudioVersion = 10.0.40219.1
Project("{FAE04EC0-301F-11D3-BF4B-00C04F79EFBC}") = "AngularCRUD", "AngularCRUD\AngularCRUD.csproj", "{94175506-4403-448A-A89B-8376C156AAED}"
EndProject
Global
	GlobalSection(SolutionConfigurationPlatforms) = preSolution
		Debug|Any CPU = Debug|Any CPU
		Release|Any CPU = Release|Any CPU
	EndGlobalSection
	GlobalSection(ProjectConfigurationPlatforms) = postSolution
		{94175506-4403-448A-A89B-8376C156AAED}.Debug|Any CPU.ActiveCfg = Debug|Any CPU
		{94175506-4403-448A-A89B-8376C156AAED}.Debug|Any CPU.Build.0 = Debug|Any CPU
		{94175506-4403-448A-A89B-8376C156AAED}.Release|Any CPU.ActiveCfg = Release|Any CPU
		{94175506-4403-448A-A89B-8376C156AAED}.Release|Any CPU.Build.0 = Release|Any CPU
	EndGlobalSection
	GlobalSection(SolutionProperties) = preSolution
		HideSolutionNode = FALSE
	EndGlobalSection
	GlobalSection(ExtensibilityGlobals) = postSolution
		SolutionGuid = {339802A7-D900-422A-B13F-97606712B911}
	EndGlobalSection
EndGlobal
